
Microsoft Visual Studio Solution File, Format Version 12.00
# Visual Studio Version 17
VisualStudioVersion = 17.8.34330.188
MinimumVisualStudioVersion = 10.0.40219.1
Project("{FAE04EC0-301F-11D3-BF4B-00C04F79EFBC}") = "ChroMapper-ColorPresetManager", "ChroMapper-ColorPresetManager\ChroMapper-ColorPresetManager.csproj", "{3B6C7FBE-BB98-4F01-B5D2-DB0F2E210A13}"
EndProject
Global
	GlobalSection(SolutionConfigurationPlatforms) = preSolution
		Debug|Any CPU = Debug|Any CPU
		Release|Any CPU = Release|Any CPU
	EndGlobalSection
	GlobalSection(ProjectConfigurationPlatforms) = postSolution
		{3B6C7FBE-BB98-4F01-B5D2-DB0F2E210A13}.Debug|Any CPU.ActiveCfg = Debug|Any CPU
		{3B6C7FBE-BB98-4F01-B5D2-DB0F2E210A13}.Debug|Any CPU.Build.0 = Debug|Any CPU
		{3B6C7FBE-BB98-4F01-B5D2-DB0F2E210A13}.Release|Any CPU.ActiveCfg = Release|Any CPU
		{3B6C7FBE-BB98-4F01-B5D2-DB0F2E210A13}.Release|Any CPU.Build.0 = Release|Any CPU
	EndGlobalSection
	GlobalSection(SolutionProperties) = preSolution
		HideSolutionNode = FALSE
	EndGlobalSection
	GlobalSection(ExtensibilityGlobals) = postSolution
		SolutionGuid = {C1A5FE5A-DF42-435B-A993-C6AA8ECBEEDE}
	EndGlobalSection
EndGlobal
